
Microsoft Visual Studio Solution File, Format Version 12.00
# Visual Studio 14
VisualStudioVersion = 14.0.23107.0
MinimumVisualStudioVersion = 10.0.40219.1
Project("{FAE04EC0-301F-11D3-BF4B-00C04F79EFBC}") = "Sol04Cart", "Sol04Cart\Sol04Cart.csproj", "{4479FFE0-02DF-406D-B35A-034D38997B49}"
EndProject
Global
	GlobalSection(SolutionConfigurationPlatforms) = preSolution
		Debug|Any CPU = Debug|Any CPU
		Release|Any CPU = Release|Any CPU
	EndGlobalSection
	GlobalSection(ProjectConfigurationPlatforms) = postSolution
		{4479FFE0-02DF-406D-B35A-034D38997B49}.Debug|Any CPU.ActiveCfg = Debug|Any CPU
		{4479FFE0-02DF-406D-B35A-034D38997B49}.Debug|Any CPU.Build.0 = Debug|Any CPU
		{4479FFE0-02DF-406D-B35A-034D38997B49}.Release|Any CPU.ActiveCfg = Release|Any CPU
		{4479FFE0-02DF-406D-B35A-034D38997B49}.Release|Any CPU.Build.0 = Release|Any CPU
	EndGlobalSection
	GlobalSection(SolutionProperties) = preSolution
		HideSolutionNode = FALSE
	EndGlobalSection
EndGlobal
